// !$*UTF8*$!
{
	archiveVersion = 1;
	classes = {
	};
	objectVersion = 55;
	objects = {

/* Begin PBXBuildFile section */
		0D1417F228010D9900A87FBD /* TVShowTableViewCell.swift in Sources */ = {isa = PBXBuildFile; fileRef = 0D1417F128010D9900A87FBD /* TVShowTableViewCell.swift */; };
		0D1417F72801378E00A87FBD /* TVShowDetailViewController.swift in Sources */ = {isa = PBXBuildFile; fileRef = 0D1417F62801378E00A87FBD /* TVShowDetailViewController.swift */; };
		0D46027927FFA833001C96A4 /* AppDelegate.swift in Sources */ = {isa = PBXBuildFile; fileRef = 0D46027827FFA833001C96A4 /* AppDelegate.swift */; };
		0D46027B27FFA833001C96A4 /* SceneDelegate.swift in Sources */ = {isa = PBXBuildFile; fileRef = 0D46027A27FFA833001C96A4 /* SceneDelegate.swift */; };
		0D46027D27FFA833001C96A4 /* ViewController.swift in Sources */ = {isa = PBXBuildFile; fileRef = 0D46027C27FFA833001C96A4 /* ViewController.swift */; };
		0D46028027FFA833001C96A4 /* Main.storyboard in Resources */ = {isa = PBXBuildFile; fileRef = 0D46027E27FFA833001C96A4 /* Main.storyboard */; };
		0D46028327FFA833001C96A4 /* TV_Shows.xcdatamodeld in Sources */ = {isa = PBXBuildFile; fileRef = 0D46028127FFA833001C96A4 /* TV_Shows.xcdatamodeld */; };
		0D46028527FFA835001C96A4 /* Assets.xcassets in Resources */ = {isa = PBXBuildFile; fileRef = 0D46028427FFA835001C96A4 /* Assets.xcassets */; };
		0D46028827FFA835001C96A4 /* LaunchScreen.storyboard in Resources */ = {isa = PBXBuildFile; fileRef = 0D46028627FFA835001C96A4 /* LaunchScreen.storyboard */; };
		0D46029027FFA8D4001C96A4 /* NetworkingService.swift in Sources */ = {isa = PBXBuildFile; fileRef = 0D46028F27FFA8D4001C96A4 /* NetworkingService.swift */; };
		0D46029227FFA8E7001C96A4 /* CoreDataService.swift in Sources */ = {isa = PBXBuildFile; fileRef = 0D46029127FFA8E7001C96A4 /* CoreDataService.swift */; };
		0D46029427FFAC1A001C96A4 /* TVShowModelClasses.swift in Sources */ = {isa = PBXBuildFile; fileRef = 0D46029327FFAC1A001C96A4 /* TVShowModelClasses.swift */; };
		0D46029627FFAF78001C96A4 /* ViewTVShowTableViewController.swift in Sources */ = {isa = PBXBuildFile; fileRef = 0D46029527FFAF78001C96A4 /* ViewTVShowTableViewController.swift */; };
		0D46029827FFAFBF001C96A4 /* ViewFavTVShowTableViewController.swift in Sources */ = {isa = PBXBuildFile; fileRef = 0D46029727FFAFBF001C96A4 /* ViewFavTVShowTableViewController.swift */; };
		0DDB886328092CDB00B91671 /* FavTVShowDetailViewController.swift in Sources */ = {isa = PBXBuildFile; fileRef = 0DDB886228092CDB00B91671 /* FavTVShowDetailViewController.swift */; };
/* End PBXBuildFile section */

/* Begin PBXFileReference section */
		0D1417F128010D9900A87FBD /* TVShowTableViewCell.swift */ = {isa = PBXFileReference; lastKnownFileType = sourcecode.swift; path = TVShowTableViewCell.swift; sourceTree = "<group>"; };
		0D1417F62801378E00A87FBD /* TVShowDetailViewController.swift */ = {isa = PBXFileReference; lastKnownFileType = sourcecode.swift; path = TVShowDetailViewController.swift; sourceTree = "<group>"; };
		0D46027527FFA833001C96A4 /* TV Shows.app */ = {isa = PBXFileReference; explicitFileType = wrapper.application; includeInIndex = 0; path = "TV Shows.app"; sourceTree = BUILT_PRODUCTS_DIR; };
		0D46027827FFA833001C96A4 /* AppDelegate.swift */ = {isa = PBXFileReference; lastKnownFileType = sourcecode.swift; path = AppDelegate.swift; sourceTree = "<group>"; };
		0D46027A27FFA833001C96A4 /* SceneDelegate.swift */ = {isa = PBXFileReference; lastKnownFileType = sourcecode.swift; path = SceneDelegate.swift; sourceTree = "<group>"; };
		0D46027C27FFA833001C96A4 /* ViewController.swift */ = {isa = PBXFileReference; lastKnownFileType = sourcecode.swift; path = ViewController.swift; sourceTree = "<group>"; };
		0D46027F27FFA833001C96A4 /* Base */ = {isa = PBXFileReference; lastKnownFileType = file.storyboard; name = Base; path = Base.lproj/Main.storyboard; sourceTree = "<group>"; };
		0D46028227FFA833001C96A4 /* TV_Shows.xcdatamodel */ = {isa = PBXFileReference; lastKnownFileType = wrapper.xcdatamodel; path = TV_Shows.xcdatamodel; sourceTree = "<group>"; };
		0D46028427FFA835001C96A4 /* Assets.xcassets */ = {isa = PBXFileReference; lastKnownFileType = folder.assetcatalog; path = Assets.xcassets; sourceTree = "<group>"; };
		0D46028727FFA835001C96A4 /* Base */ = {isa = PBXFileReference; lastKnownFileType = file.storyboard; name = Base; path = Base.lproj/LaunchScreen.storyboard; sourceTree = "<group>"; };
		0D46028927FFA835001C96A4 /* Info.plist */ = {isa = PBXFileReference; lastKnownFileType = text.plist.xml; path = Info.plist; sourceTree = "<group>"; };
		0D46028F27FFA8D4001C96A4 /* NetworkingService.swift */ = {isa = PBXFileReference; lastKnownFileType = sourcecode.swift; path = NetworkingService.swift; sourceTree = "<group>"; };
		0D46029127FFA8E7001C96A4 /* CoreDataService.swift */ = {isa = PBXFileReference; lastKnownFileType = sourcecode.swift; path = CoreDataService.swift; sourceTree = "<group>"; };
		0D46029327FFAC1A001C96A4 /* TVShowModelClasses.swift */ = {isa = PBXFileReference; lastKnownFileType = sourcecode.swift; path = TVShowModelClasses.swift; sourceTree = "<group>"; };
		0D46029527FFAF78001C96A4 /* ViewTVShowTableViewController.swift */ = {isa = PBXFileReference; lastKnownFileType = sourcecode.swift; path = ViewTVShowTableViewController.swift; sourceTree = "<group>"; };
		0D46029727FFAFBF001C96A4 /* ViewFavTVShowTableViewController.swift */ = {isa = PBXFileReference; lastKnownFileType = sourcecode.swift; path = ViewFavTVShowTableViewController.swift; sourceTree = "<group>"; };
		0DDB886228092CDB00B91671 /* FavTVShowDetailViewController.swift */ = {isa = PBXFileReference; lastKnownFileType = sourcecode.swift; path = FavTVShowDetailViewController.swift; sourceTree = "<group>"; };
/* End PBXFileReference section */

/* Begin PBXFrameworksBuildPhase section */
		0D46027227FFA833001C96A4 /* Frameworks */ = {
			isa = PBXFrameworksBuildPhase;
			buildActionMask = 2147483647;
			files = (
			);
			runOnlyForDeploymentPostprocessing = 0;
		};
/* End PBXFrameworksBuildPhase section */

/* Begin PBXGroup section */
		0D1417F328010DEE00A87FBD /* Model */ = {
			isa = PBXGroup;
			children = (
				0D46029327FFAC1A001C96A4 /* TVShowModelClasses.swift */,
			);
			path = Model;
			sourceTree = "<group>";
		};
		0D1417F428010E1C00A87FBD /* Controller */ = {
			isa = PBXGroup;
			children = (
				0D46028F27FFA8D4001C96A4 /* NetworkingService.swift */,
				0D46029127FFA8E7001C96A4 /* CoreDataService.swift */,
				0D46029527FFAF78001C96A4 /* ViewTVShowTableViewController.swift */,
				0D46029727FFAFBF001C96A4 /* ViewFavTVShowTableViewController.swift */,
				0D1417F62801378E00A87FBD /* TVShowDetailViewController.swift */,
				0DDB886228092CDB00B91671 /* FavTVShowDetailViewController.swift */,
			);
			path = Controller;
			sourceTree = "<group>";
		};
		0D1417F528010E3E00A87FBD /* View */ = {
			isa = PBXGroup;
			children = (
				0D1417F128010D9900A87FBD /* TVShowTableViewCell.swift */,
			);
			path = View;
			sourceTree = "<group>";
		};
		0D46026C27FFA833001C96A4 = {
			isa = PBXGroup;
			children = (
				0D46027727FFA833001C96A4 /* TV Shows */,
				0D46027627FFA833001C96A4 /* Products */,
			);
			sourceTree = "<group>";
		};
		0D46027627FFA833001C96A4 /* Products */ = {
			isa = PBXGroup;
			children = (
				0D46027527FFA833001C96A4 /* TV Shows.app */,
			);
			name = Products;
			sourceTree = "<group>";
		};
		0D46027727FFA833001C96A4 /* TV Shows */ = {
			isa = PBXGroup;
			children = (
				0D46027827FFA833001C96A4 /* AppDelegate.swift */,
				0D46027A27FFA833001C96A4 /* SceneDelegate.swift */,
				0D46027C27FFA833001C96A4 /* ViewController.swift */,
				0D46027E27FFA833001C96A4 /* Main.storyboard */,
				0D46028427FFA835001C96A4 /* Assets.xcassets */,
				0D46028627FFA835001C96A4 /* LaunchScreen.storyboard */,
				0D46028927FFA835001C96A4 /* Info.plist */,
				0D46028127FFA833001C96A4 /* TV_Shows.xcdatamodeld */,
				0D1417F428010E1C00A87FBD /* Controller */,
				0D1417F328010DEE00A87FBD /* Model */,
				0D1417F528010E3E00A87FBD /* View */,
			);
			path = "TV Shows";
			sourceTree = "<group>";
		};
/* End PBXGroup section */

/* Begin PBXNativeTarget section */
		0D46027427FFA833001C96A4 /* TV Shows */ = {
			isa = PBXNativeTarget;
			buildConfigurationList = 0D46028C27FFA835001C96A4 /* Build configuration list for PBXNativeTarget "TV Shows" */;
			buildPhases = (
				0D46027127FFA833001C96A4 /* Sources */,
				0D46027227FFA833001C96A4 /* Frameworks */,
				0D46027327FFA833001C96A4 /* Resources */,
			);
			buildRules = (
			);
			dependencies = (
			);
			name = "TV Shows";
			productName = "TV Shows";
			productReference = 0D46027527FFA833001C96A4 /* TV Shows.app */;
			productType = "com.apple.product-type.application";
		};
/* End PBXNativeTarget section */

/* Begin PBXProject section */
		0D46026D27FFA833001C96A4 /* Project object */ = {
			isa = PBXProject;
			attributes = {
				BuildIndependentTargetsInParallel = 1;
				LastSwiftUpdateCheck = 1330;
				LastUpgradeCheck = 1330;
				TargetAttributes = {
					0D46027427FFA833001C96A4 = {
						CreatedOnToolsVersion = 13.3;
					};
				};
			};
			buildConfigurationList = 0D46027027FFA833001C96A4 /* Build configuration list for PBXProject "TV Shows" */;
			compatibilityVersion = "Xcode 13.0";
			developmentRegion = en;
			hasScannedForEncodings = 0;
			knownRegions = (
				en,
				Base,
			);
			mainGroup = 0D46026C27FFA833001C96A4;
			productRefGroup = 0D46027627FFA833001C96A4 /* Products */;
			projectDirPath = "";
			projectRoot = "";
			targets = (
				0D46027427FFA833001C96A4 /* TV Shows */,
			);
		};
/* End PBXProject section */

/* Begin PBXResourcesBuildPhase section */
		0D46027327FFA833001C96A4 /* Resources */ = {
			isa = PBXResourcesBuildPhase;
			buildActionMask = 2147483647;
			files = (
				0D46028827FFA835001C96A4 /* LaunchScreen.storyboard in Resources */,
				0D46028527FFA835001C96A4 /* Assets.xcassets in Resources */,
				0D46028027FFA833001C96A4 /* Main.storyboard in Resources */,
			);
			runOnlyForDeploymentPostprocessing = 0;
		};
/* End PBXResourcesBuildPhase section */

/* Begin PBXSourcesBuildPhase section */
		0D46027127FFA833001C96A4 /* Sources */ = {
			isa = PBXSourcesBuildPhase;
			buildActionMask = 2147483647;
			files = (
				0DDB886328092CDB00B91671 /* FavTVShowDetailViewController.swift in Sources */,
				0D1417F72801378E00A87FBD /* TVShowDetailViewController.swift in Sources */,
				0D46029027FFA8D4001C96A4 /* NetworkingService.swift in Sources */,
				0D46029427FFAC1A001C96A4 /* TVShowModelClasses.swift in Sources */,
				0D1417F228010D9900A87FBD /* TVShowTableViewCell.swift in Sources */,
				0D46027D27FFA833001C96A4 /* ViewController.swift in Sources */,
				0D46029627FFAF78001C96A4 /* ViewTVShowTableViewController.swift in Sources */,
				0D46027927FFA833001C96A4 /* AppDelegate.swift in Sources */,
				0D46028327FFA833001C96A4 /* TV_Shows.xcdatamodeld in Sources */,
				0D46029827FFAFBF001C96A4 /* ViewFavTVShowTableViewController.swift in Sources */,
				0D46029227FFA8E7001C96A4 /* CoreDataService.swift in Sources */,
				0D46027B27FFA833001C96A4 /* SceneDelegate.swift in Sources */,
			);
			runOnlyForDeploymentPostprocessing = 0;
		};
/* End PBXSourcesBuildPhase section */

/* Begin PBXVariantGroup section */
		0D46027E27FFA833001C96A4 /* Main.storyboard */ = {
			isa = PBXVariantGroup;
			children = (
				0D46027F27FFA833001C96A4 /* Base */,
			);
			name = Main.storyboard;
			sourceTree = "<group>";
		};
		0D46028627FFA835001C96A4 /* LaunchScreen.storyboard */ = {
			isa = PBXVariantGroup;
			children = (
				0D46028727FFA835001C96A4 /* Base */,
			);
			name = LaunchScreen.storyboard;
			sourceTree = "<group>";
		};
/* End PBXVariantGroup section */

/* Begin XCBuildConfiguration section */
		0D46028A27FFA835001C96A4 /* Debug */ = {
			isa = XCBuildConfiguration;
			buildSettings = {
				ALWAYS_SEARCH_USER_PATHS = NO;
				CLANG_ANALYZER_NONNULL = YES;
				CLANG_ANALYZER_NUMBER_OBJECT_CONVERSION = YES_AGGRESSIVE;
				CLANG_CXX_LANGUAGE_STANDARD = "gnu++17";
				CLANG_ENABLE_MODULES = YES;
				CLANG_ENABLE_OBJC_ARC = YES;
				CLANG_ENABLE_OBJC_WEAK = YES;
				CLANG_WARN_BLOCK_CAPTURE_AUTORELEASING = YES;
				CLANG_WARN_BOOL_CONVERSION = YES;
				CLANG_WARN_COMMA = YES;
				CLANG_WARN_CONSTANT_CONVERSION = YES;
				CLANG_WARN_DEPRECATED_OBJC_IMPLEMENTATIONS = YES;
				CLANG_WARN_DIRECT_OBJC_ISA_USAGE = YES_ERROR;
				CLANG_WARN_DOCUMENTATION_COMMENTS = YES;
				CLANG_WARN_EMPTY_BODY = YES;
				CLANG_WARN_ENUM_CONVERSION = YES;
				CLANG_WARN_INFINITE_RECURSION = YES;
				CLANG_WARN_INT_CONVERSION = YES;
				CLANG_WARN_NON_LITERAL_NULL_CONVERSION = YES;
				CLANG_WARN_OBJC_IMPLICIT_RETAIN_SELF = YES;
				CLANG_WARN_OBJC_LITERAL_CONVERSION = YES;
				CLANG_WARN_OBJC_ROOT_CLASS = YES_ERROR;
				CLANG_WARN_QUOTED_INCLUDE_IN_FRAMEWORK_HEADER = YES;
				CLANG_WARN_RANGE_LOOP_ANALYSIS = YES;
				CLANG_WARN_STRICT_PROTOTYPES = YES;
				CLANG_WARN_SUSPICIOUS_MOVE = YES;
				CLANG_WARN_UNGUARDED_AVAILABILITY = YES_AGGRESSIVE;
				CLANG_WARN_UNREACHABLE_CODE = YES;
				CLANG_WARN__DUPLICATE_METHOD_MATCH = YES;
				COPY_PHASE_STRIP = NO;
				DEBUG_INFORMATION_FORMAT = dwarf;
				ENABLE_STRICT_OBJC_MSGSEND = YES;
				ENABLE_TESTABILITY = YES;
				GCC_C_LANGUAGE_STANDARD = gnu11;
				GCC_DYNAMIC_NO_PIC = NO;
				GCC_NO_COMMON_BLOCKS = YES;
				GCC_OPTIMIZATION_LEVEL = 0;
				GCC_PREPROCESSOR_DEFINITIONS = (
					"DEBUG=1",
					"$(inherited)",
				);
				GCC_WARN_64_TO_32_BIT_CONVERSION = YES;
				GCC_WARN_ABOUT_RETURN_TYPE = YES_ERROR;
				GCC_WARN_UNDECLARED_SELECTOR = YES;
				GCC_WARN_UNINITIALIZED_AUTOS = YES_AGGRESSIVE;
				GCC_WARN_UNUSED_FUNCTION = YES;
				GCC_WARN_UNUSED_VARIABLE = YES;
				IPHONEOS_DEPLOYMENT_TARGET = 15.4;
				MTL_ENABLE_DEBUG_INFO = INCLUDE_SOURCE;
				MTL_FAST_MATH = YES;
				ONLY_ACTIVE_ARCH = YES;
				SDKROOT = iphoneos;
				SWIFT_ACTIVE_COMPILATION_CONDITIONS = DEBUG;
				SWIFT_OPTIMIZATION_LEVEL = "-Onone";
			};
			name = Debug;
		};
		0D46028B27FFA835001C96A4 /* Release */ = {
			isa = XCBuildConfiguration;
			buildSettings = {
				ALWAYS_SEARCH_USER_PATHS = NO;
				CLANG_ANALYZER_NONNULL = YES;
				CLANG_ANALYZER_NUMBER_OBJECT_CONVERSION = YES_AGGRESSIVE;
				CLANG_CXX_LANGUAGE_STANDARD = "gnu++17";
				CLANG_ENABLE_MODULES = YES;
				CLANG_ENABLE_OBJC_ARC = YES;
				CLANG_ENABLE_OBJC_WEAK = YES;
				CLANG_WARN_BLOCK_CAPTURE_AUTORELEASING = YES;
				CLANG_WARN_BOOL_CONVERSION = YES;
				CLANG_WARN_COMMA = YES;
				CLANG_WARN_CONSTANT_CONVERSION = YES;
				CLANG_WARN_DEPRECATED_OBJC_IMPLEMENTATIONS = YES;
				CLANG_WARN_DIRECT_OBJC_ISA_USAGE = YES_ERROR;
				CLANG_WARN_DOCUMENTATION_COMMENTS = YES;
				CLANG_WARN_EMPTY_BODY = YES;
				CLANG_WARN_ENUM_CONVERSION = YES;
				CLANG_WARN_INFINITE_RECURSION = YES;
				CLANG_WARN_INT_CONVERSION = YES;
				CLANG_WARN_NON_LITERAL_NULL_CONVERSION = YES;
				CLANG_WARN_OBJC_IMPLICIT_RETAIN_SELF = YES;
				CLANG_WARN_OBJC_LITERAL_CONVERSION = YES;
				CLANG_WARN_OBJC_ROOT_CLASS = YES_ERROR;
				CLANG_WARN_QUOTED_INCLUDE_IN_FRAMEWORK_HEADER = YES;
				CLANG_WARN_RANGE_LOOP_ANALYSIS = YES;
				CLANG_WARN_STRICT_PROTOTYPES = YES;
				CLANG_WARN_SUSPICIOUS_MOVE = YES;
				CLANG_WARN_UNGUARDED_AVAILABILITY = YES_AGGRESSIVE;
				CLANG_WARN_UNREACHABLE_CODE = YES;
				CLANG_WARN__DUPLICATE_METHOD_MATCH = YES;
				COPY_PHASE_STRIP = NO;
				DEBUG_INFORMATION_FORMAT = "dwarf-with-dsym";
				ENABLE_NS_ASSERTIONS = NO;
				ENABLE_STRICT_OBJC_MSGSEND = YES;
				GCC_C_LANGUAGE_STANDARD = gnu11;
				GCC_NO_COMMON_BLOCKS = YES;
				GCC_WARN_64_TO_32_BIT_CONVERSION = YES;
				GCC_WARN_ABOUT_RETURN_TYPE = YES_ERROR;
				GCC_WARN_UNDECLARED_SELECTOR = YES;
				GCC_WARN_UNINITIALIZED_AUTOS = YES_AGGRESSIVE;
				GCC_WARN_UNUSED_FUNCTION = YES;
				GCC_WARN_UNUSED_VARIABLE = YES;
				IPHONEOS_DEPLOYMENT_TARGET = 15.4;
				MTL_ENABLE_DEBUG_INFO = NO;
				MTL_FAST_MATH = YES;
				SDKROOT = iphoneos;
				SWIFT_COMPILATION_MODE = wholemodule;
				SWIFT_OPTIMIZATION_LEVEL = "-O";
				VALIDATE_PRODUCT = YES;
			};
			name = Release;
		};
		0D46028D27FFA835001C96A4 /* Debug */ = {
			isa = XCBuildConfiguration;
			buildSettings = {
				ASSETCATALOG_COMPILER_APPICON_NAME = AppIcon;
				ASSETCATALOG_COMPILER_GLOBAL_ACCENT_COLOR_NAME = AccentColor;
				CODE_SIGN_STYLE = Automatic;
				CURRENT_PROJECT_VERSION = 1;
				DEVELOPMENT_TEAM = HA9KJTN4C7;
				GENERATE_INFOPLIST_FILE = YES;
				INFOPLIST_FILE = "TV Shows/Info.plist";
				INFOPLIST_KEY_UIApplicationSupportsIndirectInputEvents = YES;
				INFOPLIST_KEY_UILaunchStoryboardName = LaunchScreen;
				INFOPLIST_KEY_UIMainStoryboardFile = Main;
				INFOPLIST_KEY_UISupportedInterfaceOrientations = UIInterfaceOrientationPortrait;
				INFOPLIST_KEY_UISupportedInterfaceOrientations_iPad = "UIInterfaceOrientationPortrait UIInterfaceOrientationPortraitUpsideDown UIInterfaceOrientationLandscapeLeft UIInterfaceOrientationLandscapeRight";
				INFOPLIST_KEY_UISupportedInterfaceOrientations_iPhone = "UIInterfaceOrientationPortrait UIInterfaceOrientationLandscapeLeft UIInterfaceOrientationLandscapeRight";
				LD_RUNPATH_SEARCH_PATHS = (
					"$(inherited)",
					"@executable_path/Frameworks",
				);
				MARKETING_VERSION = 1.0;
				PRODUCT_BUNDLE_IDENTIFIER = "com.vrushank.TV-Shows";
				PRODUCT_NAME = "$(TARGET_NAME)";
				SWIFT_EMIT_LOC_STRINGS = YES;
				SWIFT_VERSION = 5.0;
				TARGETED_DEVICE_FAMILY = "1,2";
			};
			name = Debug;
		};
		0D46028E27FFA835001C96A4 /* Release */ = {
			isa = XCBuildConfiguration;
			buildSettings = {
				ASSETCATALOG_COMPILER_APPICON_NAME = AppIcon;
				ASSETCATALOG_COMPILER_GLOBAL_ACCENT_COLOR_NAME = AccentColor;
				CODE_SIGN_STYLE = Automatic;
				CURRENT_PROJECT_VERSION = 1;
				DEVELOPMENT_TEAM = HA9KJTN4C7;
				GENERATE_INFOPLIST_FILE = YES;
				INFOPLIST_FILE = "TV Shows/Info.plist";
				INFOPLIST_KEY_UIApplicationSupportsIndirectInputEvents = YES;
				INFOPLIST_KEY_UILaunchStoryboardName = LaunchScreen;
				INFOPLIST_KEY_UIMainStoryboardFile = Main;
				INFOPLIST_KEY_UISupportedInterfaceOrientations = UIInterfaceOrientationPortrait;
				INFOPLIST_KEY_UISupportedInterfaceOrientations_iPad = "UIInterfaceOrientationPortrait UIInterfaceOrientationPortraitUpsideDown UIInterfaceOrientationLandscapeLeft UIInterfaceOrientationLandscapeRight";
				INFOPLIST_KEY_UISupportedInterfaceOrientations_iPhone = "UIInterfaceOrientationPortrait UIInterfaceOrientationLandscapeLeft UIInterfaceOrientationLandscapeRight";
				LD_RUNPATH_SEARCH_PATHS = (
					"$(inherited)",
					"@executable_path/Frameworks",
				);
				MARKETING_VERSION = 1.0;
				PRODUCT_BUNDLE_IDENTIFIER = "com.vrushank.TV-Shows";
				PRODUCT_NAME = "$(TARGET_NAME)";
				SWIFT_EMIT_LOC_STRINGS = YES;
				SWIFT_VERSION = 5.0;
				TARGETED_DEVICE_FAMILY = "1,2";
			};
			name = Release;
		};
/* End XCBuildConfiguration section */

/* Begin XCConfigurationList section */
		0D46027027FFA833001C96A4 /* Build configuration list for PBXProject "TV Shows" */ = {
			isa = XCConfigurationList;
			buildConfigurations = (
				0D46028A27FFA835001C96A4 /* Debug */,
				0D46028B27FFA835001C96A4 /* Release */,
			);
			defaultConfigurationIsVisible = 0;
			defaultConfigurationName = Release;
		};
		0D46028C27FFA835001C96A4 /* Build configuration list for PBXNativeTarget "TV Shows" */ = {
			isa = XCConfigurationList;
			buildConfigurations = (
				0D46028D27FFA835001C96A4 /* Debug */,
				0D46028E27FFA835001C96A4 /* Release */,
			);
			defaultConfigurationIsVisible = 0;
			defaultConfigurationName = Release;
		};
/* End XCConfigurationList section */

/* Begin XCVersionGroup section */
		0D46028127FFA833001C96A4 /* TV_Shows.xcdatamodeld */ = {
			isa = XCVersionGroup;
			children = (
				0D46028227FFA833001C96A4 /* TV_Shows.xcdatamodel */,
			);
			currentVersion = 0D46028227FFA833001C96A4 /* TV_Shows.xcdatamodel */;
			path = TV_Shows.xcdatamodeld;
			sourceTree = "<group>";
			versionGroupType = wrapper.xcdatamodel;
		};
/* End XCVersionGroup section */
	};
	rootObject = 0D46026D27FFA833001C96A4 /* Project object */;
}
